{
  "name": "VideoWebsite",
  "lockfileVersion": 3,
  "requires": true,
  "packages": {
    "": {
      "dependencies": {
        "@types/video.js": "^7.3.57"
      }
    },
    "node_modules/@types/video.js": {
      "version": "7.3.57",
      "resolved": "https://registry.npmjs.org/@types/video.js/-/video.js-7.3.57.tgz",
      "integrity": "sha512-CKAaJ9p/myadqT/FAnlzVvHMVj35ynl86eGgqPM9paTCWbFtq9JUZATUzOir+bLjRyXqrjA10e5KgHc7dRR38g=="
    }
  }
}
